
Microsoft Visual Studio Solution File, Format Version 12.00
# Visual Studio 15
VisualStudioVersion = 15.0.27130.2036
MinimumVisualStudioVersion = 10.0.40219.1
Project("{FAE04EC0-301F-11D3-BF4B-00C04F79EFBC}") = "Svarbot", "Svarbot\Svarbot.csproj", "{704F4BF3-B592-4459-B2FC-C2FDE760FD01}"
EndProject
Project("{FAE04EC0-301F-11D3-BF4B-00C04F79EFBC}") = "BLL", "BLL\BLL.csproj", "{2ACDEFF8-3D9C-415C-8BFF-A68EFBFDB376}"
EndProject
Project("{FAE04EC0-301F-11D3-BF4B-00C04F79EFBC}") = "Model", "Model\Model.csproj", "{D40916D6-2520-46B1-9B7D-A3AB03FBD92C}"
EndProject
Project("{FAE04EC0-301F-11D3-BF4B-00C04F79EFBC}") = "DAL", "DAL\DAL.csproj", "{702DBB7C-BD45-4923-989C-6500F706FCF1}"
EndProject
Project("{FAE04EC0-301F-11D3-BF4B-00C04F79EFBC}") = "SvarbotUnitTests", "SvarbotUnitTests\SvarbotUnitTests.csproj", "{3F515714-F381-421C-A5F9-28E7BEE4D925}"
EndProject
Global
	GlobalSection(SolutionConfigurationPlatforms) = preSolution
		Debug|Any CPU = Debug|Any CPU
		Release|Any CPU = Release|Any CPU
	EndGlobalSection
	GlobalSection(ProjectConfigurationPlatforms) = postSolution
		{704F4BF3-B592-4459-B2FC-C2FDE760FD01}.Debug|Any CPU.ActiveCfg = Debug|Any CPU
		{704F4BF3-B592-4459-B2FC-C2FDE760FD01}.Debug|Any CPU.Build.0 = Debug|Any CPU
		{704F4BF3-B592-4459-B2FC-C2FDE760FD01}.Release|Any CPU.ActiveCfg = Release|Any CPU
		{704F4BF3-B592-4459-B2FC-C2FDE760FD01}.Release|Any CPU.Build.0 = Release|Any CPU
		{2ACDEFF8-3D9C-415C-8BFF-A68EFBFDB376}.Debug|Any CPU.ActiveCfg = Debug|Any CPU
		{2ACDEFF8-3D9C-415C-8BFF-A68EFBFDB376}.Debug|Any CPU.Build.0 = Debug|Any CPU
		{2ACDEFF8-3D9C-415C-8BFF-A68EFBFDB376}.Release|Any CPU.ActiveCfg = Release|Any CPU
		{2ACDEFF8-3D9C-415C-8BFF-A68EFBFDB376}.Release|Any CPU.Build.0 = Release|Any CPU
		{D40916D6-2520-46B1-9B7D-A3AB03FBD92C}.Debug|Any CPU.ActiveCfg = Debug|Any CPU
		{D40916D6-2520-46B1-9B7D-A3AB03FBD92C}.Debug|Any CPU.Build.0 = Debug|Any CPU
		{D40916D6-2520-46B1-9B7D-A3AB03FBD92C}.Release|Any CPU.ActiveCfg = Release|Any CPU
		{D40916D6-2520-46B1-9B7D-A3AB03FBD92C}.Release|Any CPU.Build.0 = Release|Any CPU
		{702DBB7C-BD45-4923-989C-6500F706FCF1}.Debug|Any CPU.ActiveCfg = Debug|Any CPU
		{702DBB7C-BD45-4923-989C-6500F706FCF1}.Debug|Any CPU.Build.0 = Debug|Any CPU
		{702DBB7C-BD45-4923-989C-6500F706FCF1}.Release|Any CPU.ActiveCfg = Release|Any CPU
		{702DBB7C-BD45-4923-989C-6500F706FCF1}.Release|Any CPU.Build.0 = Release|Any CPU
		{3F515714-F381-421C-A5F9-28E7BEE4D925}.Debug|Any CPU.ActiveCfg = Debug|Any CPU
		{3F515714-F381-421C-A5F9-28E7BEE4D925}.Debug|Any CPU.Build.0 = Debug|Any CPU
		{3F515714-F381-421C-A5F9-28E7BEE4D925}.Release|Any CPU.ActiveCfg = Release|Any CPU
		{3F515714-F381-421C-A5F9-28E7BEE4D925}.Release|Any CPU.Build.0 = Release|Any CPU
	EndGlobalSection
	GlobalSection(SolutionProperties) = preSolution
		HideSolutionNode = FALSE
	EndGlobalSection
	GlobalSection(ExtensibilityGlobals) = postSolution
		SolutionGuid = {88909DD9-F1C9-4374-B8B9-D60AD11DEA54}
	EndGlobalSection
EndGlobal
